
Microsoft Visual Studio Solution File, Format Version 12.00
# Visual Studio Version 16
VisualStudioVersion = 16.0.28803.202
MinimumVisualStudioVersion = 10.0.40219.1
Project("{2150E333-8FDC-42A3-9474-1A3956D46DE8}") = "Solution Items", "Solution Items", "{3F211EF6-E30D-4BF5-A98D-D28DBEE65937}"
	ProjectSection(SolutionItems) = preProject
		..\..\..\Quix.Core.1.0.8.nupkg = ..\..\..\Quix.Core.1.0.8.nupkg
		..\..\..\Quix.Core.1.0.8.symbols.nupkg = ..\..\..\Quix.Core.1.0.8.symbols.nupkg
		Quix.File.1.0.20.nupkg = Quix.File.1.0.20.nupkg
		Quix.File.1.0.20.symbols.nupkg = Quix.File.1.0.20.symbols.nupkg
		Quix.ico = Quix.ico
		..\..\..\Quix.Logging.1.0.15.nupkg = ..\..\..\Quix.Logging.1.0.15.nupkg
		..\..\..\Quix.Logging.1.0.15.symbols.nupkg = ..\..\..\Quix.Logging.1.0.15.symbols.nupkg
		..\..\..\Quix.Logging.1.0.29.nupkg = ..\..\..\Quix.Logging.1.0.29.nupkg
		..\..\..\Quix.Logging.1.0.29.symbols.nupkg = ..\..\..\Quix.Logging.1.0.29.symbols.nupkg
		Quix.Logging.1.0.3.nupkg = Quix.Logging.1.0.3.nupkg
		Quix.Logging.1.0.3.symbols.nupkg = Quix.Logging.1.0.3.symbols.nupkg
		Quix.snk = Quix.snk
	EndProjectSection
EndProject
Project("{FAE04EC0-301F-11D3-BF4B-00C04F79EFBC}") = "Extensions", "Extensions\Extensions.csproj", "{331A7C3B-45DC-4E04-85BF-DE1934C6B3FA}"
EndProject
Project("{FAE04EC0-301F-11D3-BF4B-00C04F79EFBC}") = "Quix.Core", "Quix.Core\Quix.Core.csproj", "{7E64BA20-3F89-4B11-BA82-5C19AE04323D}"
EndProject
Project("{FAE04EC0-301F-11D3-BF4B-00C04F79EFBC}") = "Testing", "Testing\Testing.csproj", "{47C2E5B9-4FD6-46F6-A842-44D972B33AEF}"
EndProject
Global
	GlobalSection(SolutionConfigurationPlatforms) = preSolution
		Debug|Any CPU = Debug|Any CPU
		Release|Any CPU = Release|Any CPU
	EndGlobalSection
	GlobalSection(ProjectConfigurationPlatforms) = postSolution
		{331A7C3B-45DC-4E04-85BF-DE1934C6B3FA}.Debug|Any CPU.ActiveCfg = Debug|Any CPU
		{331A7C3B-45DC-4E04-85BF-DE1934C6B3FA}.Debug|Any CPU.Build.0 = Debug|Any CPU
		{331A7C3B-45DC-4E04-85BF-DE1934C6B3FA}.Release|Any CPU.ActiveCfg = Release|Any CPU
		{331A7C3B-45DC-4E04-85BF-DE1934C6B3FA}.Release|Any CPU.Build.0 = Release|Any CPU
		{7E64BA20-3F89-4B11-BA82-5C19AE04323D}.Debug|Any CPU.ActiveCfg = Debug|Any CPU
		{7E64BA20-3F89-4B11-BA82-5C19AE04323D}.Debug|Any CPU.Build.0 = Debug|Any CPU
		{7E64BA20-3F89-4B11-BA82-5C19AE04323D}.Release|Any CPU.ActiveCfg = Release|Any CPU
		{7E64BA20-3F89-4B11-BA82-5C19AE04323D}.Release|Any CPU.Build.0 = Release|Any CPU
		{47C2E5B9-4FD6-46F6-A842-44D972B33AEF}.Debug|Any CPU.ActiveCfg = Debug|Any CPU
		{47C2E5B9-4FD6-46F6-A842-44D972B33AEF}.Debug|Any CPU.Build.0 = Debug|Any CPU
		{47C2E5B9-4FD6-46F6-A842-44D972B33AEF}.Release|Any CPU.ActiveCfg = Release|Any CPU
		{47C2E5B9-4FD6-46F6-A842-44D972B33AEF}.Release|Any CPU.Build.0 = Release|Any CPU
	EndGlobalSection
	GlobalSection(SolutionProperties) = preSolution
		HideSolutionNode = FALSE
	EndGlobalSection
	GlobalSection(ExtensibilityGlobals) = postSolution
		SolutionGuid = {2270D07D-D333-4DDE-B8B0-6B722DA29F59}
	EndGlobalSection
EndGlobal
