
Microsoft Visual Studio Solution File, Format Version 12.00
# Visual Studio Version 16
VisualStudioVersion = 16.0.30804.86
MinimumVisualStudioVersion = 10.0.40219.1
Project("{FAE04EC0-301F-11D3-BF4B-00C04F79EFBC}") = "Approval", "Approval.csproj", "{54B884F4-11B5-4096-A1A5-A954CF36714F}"
EndProject
Project("{FAE04EC0-301F-11D3-BF4B-00C04F79EFBC}") = "Auth", "..\Auth\Auth.csproj", "{A4D3EFE8-3723-4537-BCA1-E7D2B26A31F0}"
EndProject
Project("{FAE04EC0-301F-11D3-BF4B-00C04F79EFBC}") = "Quix", "..\Quix\Quix.csproj", "{EDCE7940-02BE-4988-8E06-35BFD89DBD64}"
EndProject
Project("{FAE04EC0-301F-11D3-BF4B-00C04F79EFBC}") = "Rename", "..\Rename\Rename.csproj", "{9921BB12-F52B-4F1D-96F6-3943734E5F88}"
EndProject
Project("{FAE04EC0-301F-11D3-BF4B-00C04F79EFBC}") = "Extensions", "..\Extensions\Extensions.csproj", "{331A7C3B-45DC-4E04-85BF-DE1934C6B3FA}"
EndProject
Project("{FAE04EC0-301F-11D3-BF4B-00C04F79EFBC}") = "AddLinks", "..\AddLinks\AddLinks.csproj", "{6601C6D1-C3DB-453C-B734-BD7EF19A413F}"
EndProject
Project("{FAE04EC0-301F-11D3-BF4B-00C04F79EFBC}") = "Registry", "..\Registry\Registry.csproj", "{0EFC405C-BE09-40ED-8BF1-6C878BB4E15F}"
EndProject
Project("{FAE04EC0-301F-11D3-BF4B-00C04F79EFBC}") = "UX", "..\UX\UX.csproj", "{CCB5E64A-6AD7-440A-AA57-2AE597E2D258}"
EndProject
Global
	GlobalSection(SolutionConfigurationPlatforms) = preSolution
		Debug|Any CPU = Debug|Any CPU
		Release|Any CPU = Release|Any CPU
	EndGlobalSection
	GlobalSection(ProjectConfigurationPlatforms) = postSolution
		{54B884F4-11B5-4096-A1A5-A954CF36714F}.Debug|Any CPU.ActiveCfg = Debug|Any CPU
		{54B884F4-11B5-4096-A1A5-A954CF36714F}.Debug|Any CPU.Build.0 = Debug|Any CPU
		{54B884F4-11B5-4096-A1A5-A954CF36714F}.Release|Any CPU.ActiveCfg = Release|Any CPU
		{54B884F4-11B5-4096-A1A5-A954CF36714F}.Release|Any CPU.Build.0 = Release|Any CPU
		{A4D3EFE8-3723-4537-BCA1-E7D2B26A31F0}.Debug|Any CPU.ActiveCfg = Debug|Any CPU
		{A4D3EFE8-3723-4537-BCA1-E7D2B26A31F0}.Debug|Any CPU.Build.0 = Debug|Any CPU
		{A4D3EFE8-3723-4537-BCA1-E7D2B26A31F0}.Release|Any CPU.ActiveCfg = Release|Any CPU
		{A4D3EFE8-3723-4537-BCA1-E7D2B26A31F0}.Release|Any CPU.Build.0 = Release|Any CPU
		{EDCE7940-02BE-4988-8E06-35BFD89DBD64}.Debug|Any CPU.ActiveCfg = Debug|Any CPU
		{EDCE7940-02BE-4988-8E06-35BFD89DBD64}.Debug|Any CPU.Build.0 = Debug|Any CPU
		{EDCE7940-02BE-4988-8E06-35BFD89DBD64}.Release|Any CPU.ActiveCfg = Release|Any CPU
		{EDCE7940-02BE-4988-8E06-35BFD89DBD64}.Release|Any CPU.Build.0 = Release|Any CPU
		{9921BB12-F52B-4F1D-96F6-3943734E5F88}.Debug|Any CPU.ActiveCfg = Debug|Any CPU
		{9921BB12-F52B-4F1D-96F6-3943734E5F88}.Debug|Any CPU.Build.0 = Debug|Any CPU
		{9921BB12-F52B-4F1D-96F6-3943734E5F88}.Release|Any CPU.ActiveCfg = Release|Any CPU
		{9921BB12-F52B-4F1D-96F6-3943734E5F88}.Release|Any CPU.Build.0 = Release|Any CPU
		{331A7C3B-45DC-4E04-85BF-DE1934C6B3FA}.Debug|Any CPU.ActiveCfg = Debug|Any CPU
		{331A7C3B-45DC-4E04-85BF-DE1934C6B3FA}.Debug|Any CPU.Build.0 = Debug|Any CPU
		{331A7C3B-45DC-4E04-85BF-DE1934C6B3FA}.Release|Any CPU.ActiveCfg = Release|Any CPU
		{331A7C3B-45DC-4E04-85BF-DE1934C6B3FA}.Release|Any CPU.Build.0 = Release|Any CPU
		{6601C6D1-C3DB-453C-B734-BD7EF19A413F}.Debug|Any CPU.ActiveCfg = Debug|Any CPU
		{6601C6D1-C3DB-453C-B734-BD7EF19A413F}.Debug|Any CPU.Build.0 = Debug|Any CPU
		{6601C6D1-C3DB-453C-B734-BD7EF19A413F}.Release|Any CPU.ActiveCfg = Release|Any CPU
		{6601C6D1-C3DB-453C-B734-BD7EF19A413F}.Release|Any CPU.Build.0 = Release|Any CPU
		{0EFC405C-BE09-40ED-8BF1-6C878BB4E15F}.Debug|Any CPU.ActiveCfg = Debug|Any CPU
		{0EFC405C-BE09-40ED-8BF1-6C878BB4E15F}.Debug|Any CPU.Build.0 = Debug|Any CPU
		{0EFC405C-BE09-40ED-8BF1-6C878BB4E15F}.Release|Any CPU.ActiveCfg = Release|Any CPU
		{0EFC405C-BE09-40ED-8BF1-6C878BB4E15F}.Release|Any CPU.Build.0 = Release|Any CPU
		{CCB5E64A-6AD7-440A-AA57-2AE597E2D258}.Debug|Any CPU.ActiveCfg = Debug|Any CPU
		{CCB5E64A-6AD7-440A-AA57-2AE597E2D258}.Debug|Any CPU.Build.0 = Debug|Any CPU
		{CCB5E64A-6AD7-440A-AA57-2AE597E2D258}.Release|Any CPU.ActiveCfg = Release|Any CPU
		{CCB5E64A-6AD7-440A-AA57-2AE597E2D258}.Release|Any CPU.Build.0 = Release|Any CPU
	EndGlobalSection
	GlobalSection(SolutionProperties) = preSolution
		HideSolutionNode = FALSE
	EndGlobalSection
	GlobalSection(ExtensibilityGlobals) = postSolution
		SolutionGuid = {D62083D4-8927-4750-9E09-07FEBDC76931}
	EndGlobalSection
EndGlobal
